
Microsoft Visual Studio Solution File, Format Version 12.00
# Visual Studio Version 16
VisualStudioVersion = 16.0.31410.357
MinimumVisualStudioVersion = 10.0.40219.1
Project("{8BC9CEB8-8B4A-11D0-8D11-00A0C91BC942}") = "Study_C", "Study_C.vcxproj", "{659CB8C4-3163-452C-A177-F2750940B498}"
EndProject
Global
	GlobalSection(SolutionConfigurationPlatforms) = preSolution
		Debug|x64 = Debug|x64
		Debug|x86 = Debug|x86
		Release|x64 = Release|x64
		Release|x86 = Release|x86
	EndGlobalSection
	GlobalSection(ProjectConfigurationPlatforms) = postSolution
		{659CB8C4-3163-452C-A177-F2750940B498}.Debug|x64.ActiveCfg = Debug|x64
		{659CB8C4-3163-452C-A177-F2750940B498}.Debug|x64.Build.0 = Debug|x64
		{659CB8C4-3163-452C-A177-F2750940B498}.Debug|x86.ActiveCfg = Debug|Win32
		{659CB8C4-3163-452C-A177-F2750940B498}.Debug|x86.Build.0 = Debug|Win32
		{659CB8C4-3163-452C-A177-F2750940B498}.Release|x64.ActiveCfg = Release|x64
		{659CB8C4-3163-452C-A177-F2750940B498}.Release|x64.Build.0 = Release|x64
		{659CB8C4-3163-452C-A177-F2750940B498}.Release|x86.ActiveCfg = Release|Win32
		{659CB8C4-3163-452C-A177-F2750940B498}.Release|x86.Build.0 = Release|Win32
	EndGlobalSection
	GlobalSection(SolutionProperties) = preSolution
		HideSolutionNode = FALSE
	EndGlobalSection
	GlobalSection(ExtensibilityGlobals) = postSolution
		SolutionGuid = {37B7EDF2-A695-4558-B7BC-4AF506150293}
	EndGlobalSection
EndGlobal
